PODS:
  - Alamofire (3.1.4)
  - CocoaLumberjack/Core (2.2.0)
  - CocoaLumberjack/Default (2.2.0):
    - CocoaLumberjack/Core
  - CocoaLumberjack/Extensions (2.2.0):
    - CocoaLumberjack/Default
  - CocoaLumberjack/Swift (2.2.0):
    - CocoaLumberjack/Extensions
  - Crashlytics (3.4.1):
    - Fabric (~> 1.6.0)
  - CryptoSwift (0.0.14)
  - Digits (1.14.6):
    - TwitterCore (= 1.14.6)
  - Fabric (1.6.1)
  - JSONWebToken (1.4.1):
    - CryptoSwift (= 0.0.14)
  - Socket.IO-Client-Swift (4.1.4)
  - SwiftyJSON (2.3.2)
  - TwitterCore (1.14.6):
    - Fabric

DEPENDENCIES:
  - Alamofire (~> 3.0)
  - CocoaLumberjack/Swift
  - Crashlytics
  - Digits
  - Fabric
  - JSONWebToken
  - Socket.IO-Client-Swift (~> 4.1.4)
  - SwiftyJSON (from `https://github.com/SwiftyJSON/SwiftyJSON.git`)
  - TwitterCore

EXTERNAL SOURCES:
  SwiftyJSON:
    :git: https://github.com/SwiftyJSON/SwiftyJSON.git

CHECKOUT OPTIONS:
  SwiftyJSON:
    :commit: 8e618c8baf6323a5079c6549bb38d48357b31630
    :git: https://github.com/SwiftyJSON/SwiftyJSON.git

SPEC CHECKSUMS:
  Alamofire: fbc829692f351fa1d8a31dd75fd7f7f56fea31fb
  CocoaLumberjack: 17fe8581f84914d5d7e6360f7c70022b173c3ae0
  Crashlytics: 41574a245bc6ae10c55d57f385ebd2004e5bee05
  CryptoSwift: 5a6b725e2ad65a789f5f435dd434d38eb2c40b46
  Digits: 57b958f1e19907b70645fcd25f97f14175ff2438
  Fabric: bf0ceb04e7c924090efc5f8c55e4fbcca189e0a0
  JSONWebToken: cf8b58850dc4cf38ce777a08753a2ea1620d960e
  Socket.IO-Client-Swift: 1ac3925cc62a83e1b981b81692203a7405d6ca3c
  SwiftyJSON: 04ccea08915aa0109039157c7974cf0298da292a
  TwitterCore: 5e9b2d066ceeef53fe611c0c4436cb700f1ed620

COCOAPODS: 0.39.0
